
Microsoft Visual Studio Solution File, Format Version 12.00
# Visual Studio Version 16
VisualStudioVersion = 16.0.810.8
MinimumVisualStudioVersion = 10.0.40219.1
Project("{9A19103F-16F7-4668-BE54-9A1E7A4F7556}") = "DataAccess", "DataAccess\DataAccess.csproj", "{57D34CB6-E7FA-4DF0-A178-649FAD441F31}"
EndProject
Project("{9A19103F-16F7-4668-BE54-9A1E7A4F7556}") = "BusinessObject", "BusinessObject\BusinessObject.csproj", "{C3995BFB-36BD-40B2-84C6-380B255D8BD6}"
EndProject
Project("{FAE04EC0-301F-11D3-BF4B-00C04F79EFBC}") = "Desktop", "Desktop\Desktop.csproj", "{707DE401-3083-4AFF-BE3B-219F52911844}"
EndProject
Global
	GlobalSection(SolutionConfigurationPlatforms) = preSolution
		Debug|Any CPU = Debug|Any CPU
		Release|Any CPU = Release|Any CPU
	EndGlobalSection
	GlobalSection(ProjectConfigurationPlatforms) = postSolution
		{57D34CB6-E7FA-4DF0-A178-649FAD441F31}.Debug|Any CPU.ActiveCfg = Debug|Any CPU
		{57D34CB6-E7FA-4DF0-A178-649FAD441F31}.Debug|Any CPU.Build.0 = Debug|Any CPU
		{57D34CB6-E7FA-4DF0-A178-649FAD441F31}.Release|Any CPU.ActiveCfg = Release|Any CPU
		{57D34CB6-E7FA-4DF0-A178-649FAD441F31}.Release|Any CPU.Build.0 = Release|Any CPU
		{C3995BFB-36BD-40B2-84C6-380B255D8BD6}.Debug|Any CPU.ActiveCfg = Debug|Any CPU
		{C3995BFB-36BD-40B2-84C6-380B255D8BD6}.Debug|Any CPU.Build.0 = Debug|Any CPU
		{C3995BFB-36BD-40B2-84C6-380B255D8BD6}.Release|Any CPU.ActiveCfg = Release|Any CPU
		{C3995BFB-36BD-40B2-84C6-380B255D8BD6}.Release|Any CPU.Build.0 = Release|Any CPU
		{707DE401-3083-4AFF-BE3B-219F52911844}.Debug|Any CPU.ActiveCfg = Debug|Any CPU
		{707DE401-3083-4AFF-BE3B-219F52911844}.Debug|Any CPU.Build.0 = Debug|Any CPU
		{707DE401-3083-4AFF-BE3B-219F52911844}.Release|Any CPU.ActiveCfg = Release|Any CPU
		{707DE401-3083-4AFF-BE3B-219F52911844}.Release|Any CPU.Build.0 = Release|Any CPU
	EndGlobalSection
	GlobalSection(SolutionProperties) = preSolution
		HideSolutionNode = FALSE
	EndGlobalSection
	GlobalSection(ExtensibilityGlobals) = postSolution
		SolutionGuid = {7F12A296-E9C9-4F42-A5C5-70F1A71C1FC5}
	EndGlobalSection
EndGlobal
